PODS:
  - DeployGateSDK (1.0.7)
  - GoogleMaps (2.5.0):
    - GoogleMaps/Maps (= 2.5.0)
  - GoogleMaps/Base (2.5.0)
  - GoogleMaps/Maps (2.5.0):
    - GoogleMaps/Base
  - GooglePlaces (2.5.0):
    - GoogleMaps/Base (= 2.5.0)

DEPENDENCIES:
  - DeployGateSDK
  - GoogleMaps
  - GooglePlaces

SPEC CHECKSUMS:
  DeployGateSDK: df3d5838db7e35c05a711c35a3bdeef3c2b016ba
  GoogleMaps: c087b8e5dfe87ca6ebf59adb9b4894a4146bec4f
  GooglePlaces: dd70d9d71ea1c7944846afe67de3712c99b30a77

PODFILE CHECKSUM: 1d96cdc6fb53c71640c34b76b73308b56b0bd1ab

COCOAPODS: 1.4.0
